
Microsoft Visual Studio Solution File, Format Version 12.00
# Visual Studio 15
VisualStudioVersion = 15.0.26228.4
MinimumVisualStudioVersion = 10.0.40219.1
Project("{FAE04EC0-301F-11D3-BF4B-00C04F79EFBC}") = "IndacoNews.Android", "IndacoNews\IndacoNews.Android\IndacoNews.Android.csproj", "{54775FC5-C3BF-4DF0-98AD-0DFDE280D790}"
EndProject
Project("{FAE04EC0-301F-11D3-BF4B-00C04F79EFBC}") = "IndacoNews", "IndacoNews\IndacoNews\IndacoNews.csproj", "{401CF909-EBB8-436C-ABD9-54125709580F}"
EndProject
Project("{FAE04EC0-301F-11D3-BF4B-00C04F79EFBC}") = "IndacoNews.UWP", "IndacoNews\IndacoNews.UWP\IndacoNews.UWP.csproj", "{4516A8E3-F384-456C-8905-A6D00F822EF0}"
EndProject
Project("{FAE04EC0-301F-11D3-BF4B-00C04F79EFBC}") = "IndacoNews.iOS", "IndacoNews\IndacoNews.iOS\IndacoNews.iOS.csproj", "{2DB55B56-2178-4A76-AB6F-5450BF2C2A81}"
EndProject
Global
	GlobalSection(SolutionConfigurationPlatforms) = preSolution
		Ad-Hoc|Any CPU = Ad-Hoc|Any CPU
		Ad-Hoc|ARM = Ad-Hoc|ARM
		Ad-Hoc|iPhone = Ad-Hoc|iPhone
		Ad-Hoc|iPhoneSimulator = Ad-Hoc|iPhoneSimulator
		Ad-Hoc|x64 = Ad-Hoc|x64
		Ad-Hoc|x86 = Ad-Hoc|x86
		AppStore|Any CPU = AppStore|Any CPU
		AppStore|ARM = AppStore|ARM
		AppStore|iPhone = AppStore|iPhone
		AppStore|iPhoneSimulator = AppStore|iPhoneSimulator
		AppStore|x64 = AppStore|x64
		AppStore|x86 = AppStore|x86
		Debug|Any CPU = Debug|Any CPU
		Debug|ARM = Debug|ARM
		Debug|iPhone = Debug|iPhone
		Debug|iPhoneSimulator = Debug|iPhoneSimulator
		Debug|x64 = Debug|x64
		Debug|x86 = Debug|x86
		Release|Any CPU = Release|Any CPU
		Release|ARM = Release|ARM
		Release|iPhone = Release|iPhone
		Release|iPhoneSimulator = Release|iPhoneSimulator
		Release|x64 = Release|x64
		Release|x86 = Release|x86
	EndGlobalSection
	GlobalSection(ProjectConfigurationPlatforms) = postSolution
		{54775FC5-C3BF-4DF0-98AD-0DFDE280D790}.Ad-Hoc|Any CPU.ActiveCfg = Release|Any CPU
		{54775FC5-C3BF-4DF0-98AD-0DFDE280D790}.Ad-Hoc|Any CPU.Build.0 = Release|Any CPU
		{54775FC5-C3BF-4DF0-98AD-0DFDE280D790}.Ad-Hoc|Any CPU.Deploy.0 = Release|Any CPU
		{54775FC5-C3BF-4DF0-98AD-0DFDE280D790}.Ad-Hoc|ARM.ActiveCfg = Release|Any CPU
		{54775FC5-C3BF-4DF0-98AD-0DFDE280D790}.Ad-Hoc|ARM.Build.0 = Release|Any CPU
		{54775FC5-C3BF-4DF0-98AD-0DFDE280D790}.Ad-Hoc|ARM.Deploy.0 = Release|Any CPU
		{54775FC5-C3BF-4DF0-98AD-0DFDE280D790}.Ad-Hoc|iPhone.ActiveCfg = Release|Any CPU
		{54775FC5-C3BF-4DF0-98AD-0DFDE280D790}.Ad-Hoc|iPhone.Build.0 = Release|Any CPU
		{54775FC5-C3BF-4DF0-98AD-0DFDE280D790}.Ad-Hoc|iPhone.Deploy.0 = Release|Any CPU
		{54775FC5-C3BF-4DF0-98AD-0DFDE280D790}.Ad-Hoc|iPhoneSimulator.ActiveCfg = Release|Any CPU
		{54775FC5-C3BF-4DF0-98AD-0DFDE280D790}.Ad-Hoc|iPhoneSimulator.Build.0 = Release|Any CPU
		{54775FC5-C3BF-4DF0-98AD-0DFDE280D790}.Ad-Hoc|iPhoneSimulator.Deploy.0 = Release|Any CPU
		{54775FC5-C3BF-4DF0-98AD-0DFDE280D790}.Ad-Hoc|x64.ActiveCfg = Release|Any CPU
		{54775FC5-C3BF-4DF0-98AD-0DFDE280D790}.Ad-Hoc|x64.Build.0 = Release|Any CPU
		{54775FC5-C3BF-4DF0-98AD-0DFDE280D790}.Ad-Hoc|x64.Deploy.0 = Release|Any CPU
		{54775FC5-C3BF-4DF0-98AD-0DFDE280D790}.Ad-Hoc|x86.ActiveCfg = Release|Any CPU
		{54775FC5-C3BF-4DF0-98AD-0DFDE280D790}.Ad-Hoc|x86.Build.0 = Release|Any CPU
		{54775FC5-C3BF-4DF0-98AD-0DFDE280D790}.Ad-Hoc|x86.Deploy.0 = Release|Any CPU
		{54775FC5-C3BF-4DF0-98AD-0DFDE280D790}.AppStore|Any CPU.ActiveCfg = Release|Any CPU
		{54775FC5-C3BF-4DF0-98AD-0DFDE280D790}.AppStore|Any CPU.Build.0 = Release|Any CPU
		{54775FC5-C3BF-4DF0-98AD-0DFDE280D790}.AppStore|Any CPU.Deploy.0 = Release|Any CPU
		{54775FC5-C3BF-4DF0-98AD-0DFDE280D790}.AppStore|ARM.ActiveCfg = Release|Any CPU
		{54775FC5-C3BF-4DF0-98AD-0DFDE280D790}.AppStore|ARM.Build.0 = Release|Any CPU
		{54775FC5-C3BF-4DF0-98AD-0DFDE280D790}.AppStore|ARM.Deploy.0 = Release|Any CPU
		{54775FC5-C3BF-4DF0-98AD-0DFDE280D790}.AppStore|iPhone.ActiveCfg = Release|Any CPU
		{54775FC5-C3BF-4DF0-98AD-0DFDE280D790}.AppStore|iPhone.Build.0 = Release|Any CPU
		{54775FC5-C3BF-4DF0-98AD-0DFDE280D790}.AppStore|iPhone.Deploy.0 = Release|Any CPU
		{54775FC5-C3BF-4DF0-98AD-0DFDE280D790}.AppStore|iPhoneSimulator.ActiveCfg = Release|Any CPU
		{54775FC5-C3BF-4DF0-98AD-0DFDE280D790}.AppStore|iPhoneSimulator.Build.0 = Release|Any CPU
		{54775FC5-C3BF-4DF0-98AD-0DFDE280D790}.AppStore|iPhoneSimulator.Deploy.0 = Release|Any CPU
		{54775FC5-C3BF-4DF0-98AD-0DFDE280D790}.AppStore|x64.ActiveCfg = Release|Any CPU
		{54775FC5-C3BF-4DF0-98AD-0DFDE280D790}.AppStore|x64.Build.0 = Release|Any CPU
		{54775FC5-C3BF-4DF0-98AD-0DFDE280D790}.AppStore|x64.Deploy.0 = Release|Any CPU
		{54775FC5-C3BF-4DF0-98AD-0DFDE280D790}.AppStore|x86.ActiveCfg = Release|Any CPU
		{54775FC5-C3BF-4DF0-98AD-0DFDE280D790}.AppStore|x86.Build.0 = Release|Any CPU
		{54775FC5-C3BF-4DF0-98AD-0DFDE280D790}.AppStore|x86.Deploy.0 = Release|Any CPU
		{54775FC5-C3BF-4DF0-98AD-0DFDE280D790}.Debug|Any CPU.ActiveCfg = Debug|Any CPU
		{54775FC5-C3BF-4DF0-98AD-0DFDE280D790}.Debug|Any CPU.Build.0 = Debug|Any CPU
		{54775FC5-C3BF-4DF0-98AD-0DFDE280D790}.Debug|Any CPU.Deploy.0 = Debug|Any CPU
		{54775FC5-C3BF-4DF0-98AD-0DFDE280D790}.Debug|ARM.ActiveCfg = Debug|Any CPU
		{54775FC5-C3BF-4DF0-98AD-0DFDE280D790}.Debug|ARM.Build.0 = Debug|Any CPU
		{54775FC5-C3BF-4DF0-98AD-0DFDE280D790}.Debug|ARM.Deploy.0 = Debug|Any CPU
		{54775FC5-C3BF-4DF0-98AD-0DFDE280D790}.Debug|iPhone.ActiveCfg = Debug|Any CPU
		{54775FC5-C3BF-4DF0-98AD-0DFDE280D790}.Debug|iPhone.Build.0 = Debug|Any CPU
		{54775FC5-C3BF-4DF0-98AD-0DFDE280D790}.Debug|iPhone.Deploy.0 = Debug|Any CPU
		{54775FC5-C3BF-4DF0-98AD-0DFDE280D790}.Debug|iPhoneSimulator.ActiveCfg = Debug|Any CPU
		{54775FC5-C3BF-4DF0-98AD-0DFDE280D790}.Debug|iPhoneSimulator.Build.0 = Debug|Any CPU
		{54775FC5-C3BF-4DF0-98AD-0DFDE280D790}.Debug|iPhoneSimulator.Deploy.0 = Debug|Any CPU
		{54775FC5-C3BF-4DF0-98AD-0DFDE280D790}.Debug|x64.ActiveCfg = Debug|Any CPU
		{54775FC5-C3BF-4DF0-98AD-0DFDE280D790}.Debug|x64.Build.0 = Debug|Any CPU
		{54775FC5-C3BF-4DF0-98AD-0DFDE280D790}.Debug|x64.Deploy.0 = Debug|Any CPU
		{54775FC5-C3BF-4DF0-98AD-0DFDE280D790}.Debug|x86.ActiveCfg = Debug|Any CPU
		{54775FC5-C3BF-4DF0-98AD-0DFDE280D790}.Debug|x86.Build.0 = Debug|Any CPU
		{54775FC5-C3BF-4DF0-98AD-0DFDE280D790}.Debug|x86.Deploy.0 = Debug|Any CPU
		{54775FC5-C3BF-4DF0-98AD-0DFDE280D790}.Release|Any CPU.ActiveCfg = Release|Any CPU
		{54775FC5-C3BF-4DF0-98AD-0DFDE280D790}.Release|Any CPU.Build.0 = Release|Any CPU
		{54775FC5-C3BF-4DF0-98AD-0DFDE280D790}.Release|Any CPU.Deploy.0 = Release|Any CPU
		{54775FC5-C3BF-4DF0-98AD-0DFDE280D790}.Release|ARM.ActiveCfg = Release|Any CPU
		{54775FC5-C3BF-4DF0-98AD-0DFDE280D790}.Release|ARM.Build.0 = Release|Any CPU
		{54775FC5-C3BF-4DF0-98AD-0DFDE280D790}.Release|ARM.Deploy.0 = Release|Any CPU
		{54775FC5-C3BF-4DF0-98AD-0DFDE280D790}.Release|iPhone.ActiveCfg = Release|Any CPU
		{54775FC5-C3BF-4DF0-98AD-0DFDE280D790}.Release|iPhone.Build.0 = Release|Any CPU
		{54775FC5-C3BF-4DF0-98AD-0DFDE280D790}.Release|iPhone.Deploy.0 = Release|Any CPU
		{54775FC5-C3BF-4DF0-98AD-0DFDE280D790}.Release|iPhoneSimulator.ActiveCfg = Release|Any CPU
		{54775FC5-C3BF-4DF0-98AD-0DFDE280D790}.Release|iPhoneSimulator.Build.0 = Release|Any CPU
		{54775FC5-C3BF-4DF0-98AD-0DFDE280D790}.Release|iPhoneSimulator.Deploy.0 = Release|Any CPU
		{54775FC5-C3BF-4DF0-98AD-0DFDE280D790}.Release|x64.ActiveCfg = Release|Any CPU
		{54775FC5-C3BF-4DF0-98AD-0DFDE280D790}.Release|x64.Build.0 = Release|Any CPU
		{54775FC5-C3BF-4DF0-98AD-0DFDE280D790}.Release|x64.Deploy.0 = Release|Any CPU
		{54775FC5-C3BF-4DF0-98AD-0DFDE280D790}.Release|x86.ActiveCfg = Release|Any CPU
		{54775FC5-C3BF-4DF0-98AD-0DFDE280D790}.Release|x86.Build.0 = Release|Any CPU
		{54775FC5-C3BF-4DF0-98AD-0DFDE280D790}.Release|x86.Deploy.0 = Release|Any CPU
		{401CF909-EBB8-436C-ABD9-54125709580F}.Ad-Hoc|Any CPU.ActiveCfg = Release|Any CPU
		{401CF909-EBB8-436C-ABD9-54125709580F}.Ad-Hoc|Any CPU.Build.0 = Release|Any CPU
		{401CF909-EBB8-436C-ABD9-54125709580F}.Ad-Hoc|ARM.ActiveCfg = Release|Any CPU
		{401CF909-EBB8-436C-ABD9-54125709580F}.Ad-Hoc|ARM.Build.0 = Release|Any CPU
		{401CF909-EBB8-436C-ABD9-54125709580F}.Ad-Hoc|iPhone.ActiveCfg = Release|Any CPU
		{401CF909-EBB8-436C-ABD9-54125709580F}.Ad-Hoc|iPhone.Build.0 = Release|Any CPU
		{401CF909-EBB8-436C-ABD9-54125709580F}.Ad-Hoc|iPhoneSimulator.ActiveCfg = Release|Any CPU
		{401CF909-EBB8-436C-ABD9-54125709580F}.Ad-Hoc|iPhoneSimulator.Build.0 = Release|Any CPU
		{401CF909-EBB8-436C-ABD9-54125709580F}.Ad-Hoc|x64.ActiveCfg = Release|Any CPU
		{401CF909-EBB8-436C-ABD9-54125709580F}.Ad-Hoc|x64.Build.0 = Release|Any CPU
		{401CF909-EBB8-436C-ABD9-54125709580F}.Ad-Hoc|x86.ActiveCfg = Release|Any CPU
		{401CF909-EBB8-436C-ABD9-54125709580F}.Ad-Hoc|x86.Build.0 = Release|Any CPU
		{401CF909-EBB8-436C-ABD9-54125709580F}.AppStore|Any CPU.ActiveCfg = Release|Any CPU
		{401CF909-EBB8-436C-ABD9-54125709580F}.AppStore|Any CPU.Build.0 = Release|Any CPU
		{401CF909-EBB8-436C-ABD9-54125709580F}.AppStore|ARM.ActiveCfg = Release|Any CPU
		{401CF909-EBB8-436C-ABD9-54125709580F}.AppStore|ARM.Build.0 = Release|Any CPU
		{401CF909-EBB8-436C-ABD9-54125709580F}.AppStore|iPhone.ActiveCfg = Release|Any CPU
		{401CF909-EBB8-436C-ABD9-54125709580F}.AppStore|iPhone.Build.0 = Release|Any CPU
		{401CF909-EBB8-436C-ABD9-54125709580F}.AppStore|iPhoneSimulator.ActiveCfg = Release|Any CPU
		{401CF909-EBB8-436C-ABD9-54125709580F}.AppStore|iPhoneSimulator.Build.0 = Release|Any CPU
		{401CF909-EBB8-436C-ABD9-54125709580F}.AppStore|x64.ActiveCfg = Release|Any CPU
		{401CF909-EBB8-436C-ABD9-54125709580F}.AppStore|x64.Build.0 = Release|Any CPU
		{401CF909-EBB8-436C-ABD9-54125709580F}.AppStore|x86.ActiveCfg = Release|Any CPU
		{401CF909-EBB8-436C-ABD9-54125709580F}.AppStore|x86.Build.0 = Release|Any CPU
		{401CF909-EBB8-436C-ABD9-54125709580F}.Debug|Any CPU.ActiveCfg = Debug|Any CPU
		{401CF909-EBB8-436C-ABD9-54125709580F}.Debug|Any CPU.Build.0 = Debug|Any CPU
		{401CF909-EBB8-436C-ABD9-54125709580F}.Debug|ARM.ActiveCfg = Debug|Any CPU
		{401CF909-EBB8-436C-ABD9-54125709580F}.Debug|ARM.Build.0 = Debug|Any CPU
		{401CF909-EBB8-436C-ABD9-54125709580F}.Debug|iPhone.ActiveCfg = Debug|Any CPU
		{401CF909-EBB8-436C-ABD9-54125709580F}.Debug|iPhone.Build.0 = Debug|Any CPU
		{401CF909-EBB8-436C-ABD9-54125709580F}.Debug|iPhoneSimulator.ActiveCfg = Debug|Any CPU
		{401CF909-EBB8-436C-ABD9-54125709580F}.Debug|iPhoneSimulator.Build.0 = Debug|Any CPU
		{401CF909-EBB8-436C-ABD9-54125709580F}.Debug|x64.ActiveCfg = Debug|Any CPU
		{401CF909-EBB8-436C-ABD9-54125709580F}.Debug|x64.Build.0 = Debug|Any CPU
		{401CF909-EBB8-436C-ABD9-54125709580F}.Debug|x86.ActiveCfg = Debug|Any CPU
		{401CF909-EBB8-436C-ABD9-54125709580F}.Debug|x86.Build.0 = Debug|Any CPU
		{401CF909-EBB8-436C-ABD9-54125709580F}.Release|Any CPU.ActiveCfg = Release|Any CPU
		{401CF909-EBB8-436C-ABD9-54125709580F}.Release|Any CPU.Build.0 = Release|Any CPU
		{401CF909-EBB8-436C-ABD9-54125709580F}.Release|ARM.ActiveCfg = Release|Any CPU
		{401CF909-EBB8-436C-ABD9-54125709580F}.Release|ARM.Build.0 = Release|Any CPU
		{401CF909-EBB8-436C-ABD9-54125709580F}.Release|iPhone.ActiveCfg = Release|Any CPU
		{401CF909-EBB8-436C-ABD9-54125709580F}.Release|iPhone.Build.0 = Release|Any CPU
		{401CF909-EBB8-436C-ABD9-54125709580F}.Release|iPhoneSimulator.ActiveCfg = Release|Any CPU
		{401CF909-EBB8-436C-ABD9-54125709580F}.Release|iPhoneSimulator.Build.0 = Release|Any CPU
		{401CF909-EBB8-436C-ABD9-54125709580F}.Release|x64.ActiveCfg = Release|Any CPU
		{401CF909-EBB8-436C-ABD9-54125709580F}.Release|x64.Build.0 = Release|Any CPU
		{401CF909-EBB8-436C-ABD9-54125709580F}.Release|x86.ActiveCfg = Release|Any CPU
		{401CF909-EBB8-436C-ABD9-54125709580F}.Release|x86.Build.0 = Release|Any CPU
		{4516A8E3-F384-456C-8905-A6D00F822EF0}.Ad-Hoc|Any CPU.ActiveCfg = Release|x86
		{4516A8E3-F384-456C-8905-A6D00F822EF0}.Ad-Hoc|Any CPU.Build.0 = Release|x86
		{4516A8E3-F384-456C-8905-A6D00F822EF0}.Ad-Hoc|Any CPU.Deploy.0 = Release|x86
		{4516A8E3-F384-456C-8905-A6D00F822EF0}.Ad-Hoc|ARM.ActiveCfg = Release|ARM
		{4516A8E3-F384-456C-8905-A6D00F822EF0}.Ad-Hoc|ARM.Build.0 = Release|ARM
		{4516A8E3-F384-456C-8905-A6D00F822EF0}.Ad-Hoc|ARM.Deploy.0 = Release|ARM
		{4516A8E3-F384-456C-8905-A6D00F822EF0}.Ad-Hoc|iPhone.ActiveCfg = Release|x86
		{4516A8E3-F384-456C-8905-A6D00F822EF0}.Ad-Hoc|iPhone.Build.0 = Release|x86
		{4516A8E3-F384-456C-8905-A6D00F822EF0}.Ad-Hoc|iPhone.Deploy.0 = Release|x86
		{4516A8E3-F384-456C-8905-A6D00F822EF0}.Ad-Hoc|iPhoneSimulator.ActiveCfg = Release|x86
		{4516A8E3-F384-456C-8905-A6D00F822EF0}.Ad-Hoc|iPhoneSimulator.Build.0 = Release|x86
		{4516A8E3-F384-456C-8905-A6D00F822EF0}.Ad-Hoc|iPhoneSimulator.Deploy.0 = Release|x86
		{4516A8E3-F384-456C-8905-A6D00F822EF0}.Ad-Hoc|x64.ActiveCfg = Release|x64
		{4516A8E3-F384-456C-8905-A6D00F822EF0}.Ad-Hoc|x64.Build.0 = Release|x64
		{4516A8E3-F384-456C-8905-A6D00F822EF0}.Ad-Hoc|x64.Deploy.0 = Release|x64
		{4516A8E3-F384-456C-8905-A6D00F822EF0}.Ad-Hoc|x86.ActiveCfg = Release|x86
		{4516A8E3-F384-456C-8905-A6D00F822EF0}.Ad-Hoc|x86.Build.0 = Release|x86
		{4516A8E3-F384-456C-8905-A6D00F822EF0}.Ad-Hoc|x86.Deploy.0 = Release|x86
		{4516A8E3-F384-456C-8905-A6D00F822EF0}.AppStore|Any CPU.ActiveCfg = Release|x86
		{4516A8E3-F384-456C-8905-A6D00F822EF0}.AppStore|Any CPU.Build.0 = Release|x86
		{4516A8E3-F384-456C-8905-A6D00F822EF0}.AppStore|Any CPU.Deploy.0 = Release|x86
		{4516A8E3-F384-456C-8905-A6D00F822EF0}.AppStore|ARM.ActiveCfg = Release|ARM
		{4516A8E3-F384-456C-8905-A6D00F822EF0}.AppStore|ARM.Build.0 = Release|ARM
		{4516A8E3-F384-456C-8905-A6D00F822EF0}.AppStore|ARM.Deploy.0 = Release|ARM
		{4516A8E3-F384-456C-8905-A6D00F822EF0}.AppStore|iPhone.ActiveCfg = Release|x86
		{4516A8E3-F384-456C-8905-A6D00F822EF0}.AppStore|iPhone.Build.0 = Release|x86
		{4516A8E3-F384-456C-8905-A6D00F822EF0}.AppStore|iPhone.Deploy.0 = Release|x86
		{4516A8E3-F384-456C-8905-A6D00F822EF0}.AppStore|iPhoneSimulator.ActiveCfg = Release|x86
		{4516A8E3-F384-456C-8905-A6D00F822EF0}.AppStore|iPhoneSimulator.Build.0 = Release|x86
		{4516A8E3-F384-456C-8905-A6D00F822EF0}.AppStore|iPhoneSimulator.Deploy.0 = Release|x86
		{4516A8E3-F384-456C-8905-A6D00F822EF0}.AppStore|x64.ActiveCfg = Release|x64
		{4516A8E3-F384-456C-8905-A6D00F822EF0}.AppStore|x64.Build.0 = Release|x64
		{4516A8E3-F384-456C-8905-A6D00F822EF0}.AppStore|x64.Deploy.0 = Release|x64
		{4516A8E3-F384-456C-8905-A6D00F822EF0}.AppStore|x86.ActiveCfg = Release|x86
		{4516A8E3-F384-456C-8905-A6D00F822EF0}.AppStore|x86.Build.0 = Release|x86
		{4516A8E3-F384-456C-8905-A6D00F822EF0}.AppStore|x86.Deploy.0 = Release|x86
		{4516A8E3-F384-456C-8905-A6D00F822EF0}.Debug|Any CPU.ActiveCfg = Debug|x86
		{4516A8E3-F384-456C-8905-A6D00F822EF0}.Debug|ARM.ActiveCfg = Debug|ARM
		{4516A8E3-F384-456C-8905-A6D00F822EF0}.Debug|ARM.Build.0 = Debug|ARM
		{4516A8E3-F384-456C-8905-A6D00F822EF0}.Debug|ARM.Deploy.0 = Debug|ARM
		{4516A8E3-F384-456C-8905-A6D00F822EF0}.Debug|iPhone.ActiveCfg = Debug|x86
		{4516A8E3-F384-456C-8905-A6D00F822EF0}.Debug|iPhoneSimulator.ActiveCfg = Debug|x86
		{4516A8E3-F384-456C-8905-A6D00F822EF0}.Debug|x64.ActiveCfg = Debug|x64
		{4516A8E3-F384-456C-8905-A6D00F822EF0}.Debug|x64.Build.0 = Debug|x64
		{4516A8E3-F384-456C-8905-A6D00F822EF0}.Debug|x64.Deploy.0 = Debug|x64
		{4516A8E3-F384-456C-8905-A6D00F822EF0}.Debug|x86.ActiveCfg = Debug|x86
		{4516A8E3-F384-456C-8905-A6D00F822EF0}.Debug|x86.Build.0 = Debug|x86
		{4516A8E3-F384-456C-8905-A6D00F822EF0}.Debug|x86.Deploy.0 = Debug|x86
		{4516A8E3-F384-456C-8905-A6D00F822EF0}.Release|Any CPU.ActiveCfg = Release|x86
		{4516A8E3-F384-456C-8905-A6D00F822EF0}.Release|ARM.ActiveCfg = Release|ARM
		{4516A8E3-F384-456C-8905-A6D00F822EF0}.Release|ARM.Build.0 = Release|ARM
		{4516A8E3-F384-456C-8905-A6D00F822EF0}.Release|ARM.Deploy.0 = Release|ARM
		{4516A8E3-F384-456C-8905-A6D00F822EF0}.Release|iPhone.ActiveCfg = Release|x86
		{4516A8E3-F384-456C-8905-A6D00F822EF0}.Release|iPhoneSimulator.ActiveCfg = Release|x86
		{4516A8E3-F384-456C-8905-A6D00F822EF0}.Release|x64.ActiveCfg = Release|x64
		{4516A8E3-F384-456C-8905-A6D00F822EF0}.Release|x64.Build.0 = Release|x64
		{4516A8E3-F384-456C-8905-A6D00F822EF0}.Release|x64.Deploy.0 = Release|x64
		{4516A8E3-F384-456C-8905-A6D00F822EF0}.Release|x86.ActiveCfg = Release|x86
		{4516A8E3-F384-456C-8905-A6D00F822EF0}.Release|x86.Build.0 = Release|x86
		{4516A8E3-F384-456C-8905-A6D00F822EF0}.Release|x86.Deploy.0 = Release|x86
		{2DB55B56-2178-4A76-AB6F-5450BF2C2A81}.Ad-Hoc|Any CPU.ActiveCfg = Ad-Hoc|iPhone
		{2DB55B56-2178-4A76-AB6F-5450BF2C2A81}.Ad-Hoc|ARM.ActiveCfg = Ad-Hoc|iPhone
		{2DB55B56-2178-4A76-AB6F-5450BF2C2A81}.Ad-Hoc|iPhone.ActiveCfg = Ad-Hoc|iPhone
		{2DB55B56-2178-4A76-AB6F-5450BF2C2A81}.Ad-Hoc|iPhone.Build.0 = Ad-Hoc|iPhone
		{2DB55B56-2178-4A76-AB6F-5450BF2C2A81}.Ad-Hoc|iPhoneSimulator.ActiveCfg = Ad-Hoc|iPhoneSimulator
		{2DB55B56-2178-4A76-AB6F-5450BF2C2A81}.Ad-Hoc|iPhoneSimulator.Build.0 = Ad-Hoc|iPhoneSimulator
		{2DB55B56-2178-4A76-AB6F-5450BF2C2A81}.Ad-Hoc|x64.ActiveCfg = Ad-Hoc|iPhone
		{2DB55B56-2178-4A76-AB6F-5450BF2C2A81}.Ad-Hoc|x86.ActiveCfg = Ad-Hoc|iPhone
		{2DB55B56-2178-4A76-AB6F-5450BF2C2A81}.AppStore|Any CPU.ActiveCfg = AppStore|iPhone
		{2DB55B56-2178-4A76-AB6F-5450BF2C2A81}.AppStore|ARM.ActiveCfg = AppStore|iPhone
		{2DB55B56-2178-4A76-AB6F-5450BF2C2A81}.AppStore|iPhone.ActiveCfg = AppStore|iPhone
		{2DB55B56-2178-4A76-AB6F-5450BF2C2A81}.AppStore|iPhone.Build.0 = AppStore|iPhone
		{2DB55B56-2178-4A76-AB6F-5450BF2C2A81}.AppStore|iPhoneSimulator.ActiveCfg = AppStore|iPhoneSimulator
		{2DB55B56-2178-4A76-AB6F-5450BF2C2A81}.AppStore|iPhoneSimulator.Build.0 = AppStore|iPhoneSimulator
		{2DB55B56-2178-4A76-AB6F-5450BF2C2A81}.AppStore|x64.ActiveCfg = AppStore|iPhone
		{2DB55B56-2178-4A76-AB6F-5450BF2C2A81}.AppStore|x86.ActiveCfg = AppStore|iPhone
		{2DB55B56-2178-4A76-AB6F-5450BF2C2A81}.Debug|Any CPU.ActiveCfg = Debug|iPhone
		{2DB55B56-2178-4A76-AB6F-5450BF2C2A81}.Debug|ARM.ActiveCfg = Debug|iPhone
		{2DB55B56-2178-4A76-AB6F-5450BF2C2A81}.Debug|iPhone.ActiveCfg = Debug|iPhone
		{2DB55B56-2178-4A76-AB6F-5450BF2C2A81}.Debug|iPhone.Build.0 = Debug|iPhone
		{2DB55B56-2178-4A76-AB6F-5450BF2C2A81}.Debug|iPhoneSimulator.ActiveCfg = Debug|iPhoneSimulator
		{2DB55B56-2178-4A76-AB6F-5450BF2C2A81}.Debug|iPhoneSimulator.Build.0 = Debug|iPhoneSimulator
		{2DB55B56-2178-4A76-AB6F-5450BF2C2A81}.Debug|x64.ActiveCfg = Debug|iPhone
		{2DB55B56-2178-4A76-AB6F-5450BF2C2A81}.Debug|x86.ActiveCfg = Debug|iPhone
		{2DB55B56-2178-4A76-AB6F-5450BF2C2A81}.Release|Any CPU.ActiveCfg = Release|iPhone
		{2DB55B56-2178-4A76-AB6F-5450BF2C2A81}.Release|ARM.ActiveCfg = Release|iPhone
		{2DB55B56-2178-4A76-AB6F-5450BF2C2A81}.Release|iPhone.ActiveCfg = Release|iPhone
		{2DB55B56-2178-4A76-AB6F-5450BF2C2A81}.Release|iPhone.Build.0 = Release|iPhone
		{2DB55B56-2178-4A76-AB6F-5450BF2C2A81}.Release|iPhoneSimulator.ActiveCfg = Release|iPhoneSimulator
		{2DB55B56-2178-4A76-AB6F-5450BF2C2A81}.Release|iPhoneSimulator.Build.0 = Release|iPhoneSimulator
		{2DB55B56-2178-4A76-AB6F-5450BF2C2A81}.Release|x64.ActiveCfg = Release|iPhone
		{2DB55B56-2178-4A76-AB6F-5450BF2C2A81}.Release|x86.ActiveCfg = Release|iPhone
	EndGlobalSection
	GlobalSection(SolutionProperties) = preSolution
		HideSolutionNode = FALSE
	EndGlobalSection
EndGlobal
